
Microsoft Visual Studio Solution File, Format Version 12.00
# Visual Studio Version 17
VisualStudioVersion = 17.9.34728.123
MinimumVisualStudioVersion = 10.0.40219.1
Project("{D2ABAB84-BF74-430A-B69E-9DC6D40DDA17}") = "BikeStoreOLAP", "BikeStoreOLAP\BikeStoreOLAP.dwproj", "{FF0356DA-B0C0-40D1-B50D-E7CADB22F8E4}"
EndProject
Global
	GlobalSection(SolutionConfigurationPlatforms) = preSolution
		Development|Default = Development|Default
	EndGlobalSection
	GlobalSection(ProjectConfigurationPlatforms) = postSolution
		{FF0356DA-B0C0-40D1-B50D-E7CADB22F8E4}.Development|Default.ActiveCfg = Development
		{FF0356DA-B0C0-40D1-B50D-E7CADB22F8E4}.Development|Default.Build.0 = Development
		{FF0356DA-B0C0-40D1-B50D-E7CADB22F8E4}.Development|Default.Deploy.0 = Development
	EndGlobalSection
	GlobalSection(SolutionProperties) = preSolution
		HideSolutionNode = FALSE
	EndGlobalSection
	GlobalSection(ExtensibilityGlobals) = postSolution
		SolutionGuid = {6A7B9A5C-A786-482B-91AD-923C4517BB6A}
	EndGlobalSection
EndGlobal
